
Microsoft Visual Studio Solution File, Format Version 12.00
# Visual Studio Version 17
VisualStudioVersion = 17.9.34714.143
MinimumVisualStudioVersion = 10.0.40219.1
Project("{FAE04EC0-301F-11D3-BF4B-00C04F79EFBC}") = "A002_SelectElement", "A002_SelectElement\A002_SelectElement.csproj", "{1F5B16C4-60DA-4B0C-AA00-9B9B3578F991}"
EndProject
Global
	GlobalSection(SolutionConfigurationPlatforms) = preSolution
		Debug|Any CPU = Debug|Any CPU
		Release|Any CPU = Release|Any CPU
	EndGlobalSection
	GlobalSection(ProjectConfigurationPlatforms) = postSolution
		{1F5B16C4-60DA-4B0C-AA00-9B9B3578F991}.Debug|Any CPU.ActiveCfg = Debug|Any CPU
		{1F5B16C4-60DA-4B0C-AA00-9B9B3578F991}.Debug|Any CPU.Build.0 = Debug|Any CPU
		{1F5B16C4-60DA-4B0C-AA00-9B9B3578F991}.Release|Any CPU.ActiveCfg = Release|Any CPU
		{1F5B16C4-60DA-4B0C-AA00-9B9B3578F991}.Release|Any CPU.Build.0 = Release|Any CPU
	EndGlobalSection
	GlobalSection(SolutionProperties) = preSolution
		HideSolutionNode = FALSE
	EndGlobalSection
	GlobalSection(ExtensibilityGlobals) = postSolution
		SolutionGuid = {5B32383D-7C6A-4369-B9D8-636E7620BF86}
	EndGlobalSection
EndGlobal
